
Microsoft Visual Studio Solution File, Format Version 12.00
# Visual Studio Version 17
VisualStudioVersion = 17.14.36401.2
MinimumVisualStudioVersion = 10.0.40219.1
Project("{2150E333-8FDC-42A3-9474-1A3956D46DE8}") = "src", "src", "{02EA681E-C7D8-13C7-8484-4AC65E1B71E8}"
EndProject
Project("{2150E333-8FDC-42A3-9474-1A3956D46DE8}") = "Svc.Core", "Svc.Core", "{94AAAB4B-1519-4584-A11A-3DD3DCCA5978}"
EndProject
Project("{FAE04EC0-301F-11D3-BF4B-00C04F79EFBC}") = "Cor.App", "src\Svc.Core\Cor.App\Cor.App.csproj", "{870560C0-B41B-4F20-B2F1-561DF82B1211}"
EndProject
Project("{FAE04EC0-301F-11D3-BF4B-00C04F79EFBC}") = "Cor.Utility", "src\Svc.Core\Cor.Utility\Cor.Utility.csproj", "{F7CEC073-33EA-436F-9F90-EB79D2C7E9BA}"
EndProject
Project("{FAE04EC0-301F-11D3-BF4B-00C04F79EFBC}") = "Cor.API", "src\Svc.Core\Cor.API\Cor.API.csproj", "{13982E20-E844-4486-B065-FDEC87D5308E}"
EndProject
Project("{FAE04EC0-301F-11D3-BF4B-00C04F79EFBC}") = "Cor.Domain", "src\Svc.Core\Cor.Domain\Cor.Domain.csproj", "{EC08261D-2654-456D-AE5F-059042887184}"
EndProject
Project("{E53339B2-1760-4266-BCC7-CA923CBCF16C}") = "docker-compose", "docker-compose.dcproj", "{81DDED9D-158B-E303-5F62-77A2896D2A5A}"
EndProject
Project("{2150E333-8FDC-42A3-9474-1A3956D46DE8}") = "Contracts", "Contracts", "{7E6A5EE3-2396-485A-A957-2E9F466F33B5}"
EndProject
Project("{FAE04EC0-301F-11D3-BF4B-00C04F79EFBC}") = "RST.Cont", "Contracts\RST.Cont\RST.Cont.csproj", "{A3D18973-1590-44CA-9802-CCAA3EED8F7E}"
EndProject
Global
	GlobalSection(SolutionConfigurationPlatforms) = preSolution
		Debug|Any CPU = Debug|Any CPU
		Release|Any CPU = Release|Any CPU
	EndGlobalSection
	GlobalSection(ProjectConfigurationPlatforms) = postSolution
		{870560C0-B41B-4F20-B2F1-561DF82B1211}.Debug|Any CPU.ActiveCfg = Debug|Any CPU
		{870560C0-B41B-4F20-B2F1-561DF82B1211}.Debug|Any CPU.Build.0 = Debug|Any CPU
		{870560C0-B41B-4F20-B2F1-561DF82B1211}.Release|Any CPU.ActiveCfg = Release|Any CPU
		{870560C0-B41B-4F20-B2F1-561DF82B1211}.Release|Any CPU.Build.0 = Release|Any CPU
		{F7CEC073-33EA-436F-9F90-EB79D2C7E9BA}.Debug|Any CPU.ActiveCfg = Debug|Any CPU
		{F7CEC073-33EA-436F-9F90-EB79D2C7E9BA}.Debug|Any CPU.Build.0 = Debug|Any CPU
		{F7CEC073-33EA-436F-9F90-EB79D2C7E9BA}.Release|Any CPU.ActiveCfg = Release|Any CPU
		{F7CEC073-33EA-436F-9F90-EB79D2C7E9BA}.Release|Any CPU.Build.0 = Release|Any CPU
		{13982E20-E844-4486-B065-FDEC87D5308E}.Debug|Any CPU.ActiveCfg = Debug|Any CPU
		{13982E20-E844-4486-B065-FDEC87D5308E}.Debug|Any CPU.Build.0 = Debug|Any CPU
		{13982E20-E844-4486-B065-FDEC87D5308E}.Release|Any CPU.ActiveCfg = Release|Any CPU
		{13982E20-E844-4486-B065-FDEC87D5308E}.Release|Any CPU.Build.0 = Release|Any CPU
		{EC08261D-2654-456D-AE5F-059042887184}.Debug|Any CPU.ActiveCfg = Debug|Any CPU
		{EC08261D-2654-456D-AE5F-059042887184}.Debug|Any CPU.Build.0 = Debug|Any CPU
		{EC08261D-2654-456D-AE5F-059042887184}.Release|Any CPU.ActiveCfg = Release|Any CPU
		{EC08261D-2654-456D-AE5F-059042887184}.Release|Any CPU.Build.0 = Release|Any CPU
		{81DDED9D-158B-E303-5F62-77A2896D2A5A}.Debug|Any CPU.ActiveCfg = Debug|Any CPU
		{81DDED9D-158B-E303-5F62-77A2896D2A5A}.Debug|Any CPU.Build.0 = Debug|Any CPU
		{81DDED9D-158B-E303-5F62-77A2896D2A5A}.Release|Any CPU.ActiveCfg = Release|Any CPU
		{81DDED9D-158B-E303-5F62-77A2896D2A5A}.Release|Any CPU.Build.0 = Release|Any CPU
		{A3D18973-1590-44CA-9802-CCAA3EED8F7E}.Debug|Any CPU.ActiveCfg = Debug|Any CPU
		{A3D18973-1590-44CA-9802-CCAA3EED8F7E}.Debug|Any CPU.Build.0 = Debug|Any CPU
		{A3D18973-1590-44CA-9802-CCAA3EED8F7E}.Release|Any CPU.ActiveCfg = Release|Any CPU
		{A3D18973-1590-44CA-9802-CCAA3EED8F7E}.Release|Any CPU.Build.0 = Release|Any CPU
	EndGlobalSection
	GlobalSection(SolutionProperties) = preSolution
		HideSolutionNode = FALSE
	EndGlobalSection
	GlobalSection(NestedProjects) = preSolution
		{94AAAB4B-1519-4584-A11A-3DD3DCCA5978} = {02EA681E-C7D8-13C7-8484-4AC65E1B71E8}
		{870560C0-B41B-4F20-B2F1-561DF82B1211} = {94AAAB4B-1519-4584-A11A-3DD3DCCA5978}
		{F7CEC073-33EA-436F-9F90-EB79D2C7E9BA} = {94AAAB4B-1519-4584-A11A-3DD3DCCA5978}
		{13982E20-E844-4486-B065-FDEC87D5308E} = {94AAAB4B-1519-4584-A11A-3DD3DCCA5978}
		{EC08261D-2654-456D-AE5F-059042887184} = {94AAAB4B-1519-4584-A11A-3DD3DCCA5978}
		{7E6A5EE3-2396-485A-A957-2E9F466F33B5} = {02EA681E-C7D8-13C7-8484-4AC65E1B71E8}
		{A3D18973-1590-44CA-9802-CCAA3EED8F7E} = {7E6A5EE3-2396-485A-A957-2E9F466F33B5}
	EndGlobalSection
	GlobalSection(ExtensibilityGlobals) = postSolution
		SolutionGuid = {818522A1-3DCF-4667-87D9-AA625F385B40}
	EndGlobalSection
EndGlobal
