
Microsoft Visual Studio Solution File, Format Version 12.00
# Visual Studio Version 17
VisualStudioVersion = 17.14.36401.2
MinimumVisualStudioVersion = 10.0.40219.1
Project("{2150E333-8FDC-42A3-9474-1A3956D46DE8}") = "SvcCore", "SvcCore", "{02EA681E-C7D8-13C7-8484-4AC65E1B71E8}"
EndProject
Project("{2150E333-8FDC-42A3-9474-1A3956D46DE8}") = "Shared", "Shared", "{D0B476DF-F1B8-42D1-8243-B5A37F8C5772}"
EndProject
Project("{FAE04EC0-301F-11D3-BF4B-00C04F79EFBC}") = "ERP.Shared.API", "Shared\ERP.Shared.API\ERP.Shared.API.csproj", "{3754A12B-DCAB-4A0A-B1B1-F6F5AAF06763}"
EndProject
Project("{FAE04EC0-301F-11D3-BF4B-00C04F79EFBC}") = "Cor.App", "SvcCore\Cor.App\Cor.App.csproj", "{FC6CAE8C-8E58-402E-B70F-08E84375E172}"
EndProject
Project("{FAE04EC0-301F-11D3-BF4B-00C04F79EFBC}") = "Cor.Domain", "SvcCore\Cor.Domain\Cor.Domain.csproj", "{F789D69C-94BD-4099-A90F-FE008C6B7F22}"
EndProject
Project("{FAE04EC0-301F-11D3-BF4B-00C04F79EFBC}") = "Cor.Utility", "SvcCore\Cor.Utility\Cor.Utility.csproj", "{4E5CB795-9029-4314-A21E-121BB4F36963}"
EndProject
Project("{FAE04EC0-301F-11D3-BF4B-00C04F79EFBC}") = "Cor.API", "SvcCore\Cor.API\Cor.API.csproj", "{95D9F4DB-E7D7-4A54-B91E-AAD360D16FB4}"
EndProject
Project("{2150E333-8FDC-42A3-9474-1A3956D46DE8}") = "SvcAuth", "SvcAuth", "{0927B76C-7F46-483B-A5EE-81F11F0091F5}"
EndProject
Project("{FAE04EC0-301F-11D3-BF4B-00C04F79EFBC}") = "RST.Auth.API", "SvcAuth\RST.Auth.API\RST.Auth.API.csproj", "{BB02EEB4-53FF-4052-BF22-2A673CB5C9BE}"
EndProject
Global
	GlobalSection(SolutionConfigurationPlatforms) = preSolution
		Debug|Any CPU = Debug|Any CPU
		Release|Any CPU = Release|Any CPU
	EndGlobalSection
	GlobalSection(ProjectConfigurationPlatforms) = postSolution
		{3754A12B-DCAB-4A0A-B1B1-F6F5AAF06763}.Debug|Any CPU.ActiveCfg = Debug|Any CPU
		{3754A12B-DCAB-4A0A-B1B1-F6F5AAF06763}.Debug|Any CPU.Build.0 = Debug|Any CPU
		{3754A12B-DCAB-4A0A-B1B1-F6F5AAF06763}.Release|Any CPU.ActiveCfg = Release|Any CPU
		{3754A12B-DCAB-4A0A-B1B1-F6F5AAF06763}.Release|Any CPU.Build.0 = Release|Any CPU
		{FC6CAE8C-8E58-402E-B70F-08E84375E172}.Debug|Any CPU.ActiveCfg = Debug|Any CPU
		{FC6CAE8C-8E58-402E-B70F-08E84375E172}.Debug|Any CPU.Build.0 = Debug|Any CPU
		{FC6CAE8C-8E58-402E-B70F-08E84375E172}.Release|Any CPU.ActiveCfg = Release|Any CPU
		{FC6CAE8C-8E58-402E-B70F-08E84375E172}.Release|Any CPU.Build.0 = Release|Any CPU
		{F789D69C-94BD-4099-A90F-FE008C6B7F22}.Debug|Any CPU.ActiveCfg = Debug|Any CPU
		{F789D69C-94BD-4099-A90F-FE008C6B7F22}.Debug|Any CPU.Build.0 = Debug|Any CPU
		{F789D69C-94BD-4099-A90F-FE008C6B7F22}.Release|Any CPU.ActiveCfg = Release|Any CPU
		{F789D69C-94BD-4099-A90F-FE008C6B7F22}.Release|Any CPU.Build.0 = Release|Any CPU
		{4E5CB795-9029-4314-A21E-121BB4F36963}.Debug|Any CPU.ActiveCfg = Debug|Any CPU
		{4E5CB795-9029-4314-A21E-121BB4F36963}.Debug|Any CPU.Build.0 = Debug|Any CPU
		{4E5CB795-9029-4314-A21E-121BB4F36963}.Release|Any CPU.ActiveCfg = Release|Any CPU
		{4E5CB795-9029-4314-A21E-121BB4F36963}.Release|Any CPU.Build.0 = Release|Any CPU
		{95D9F4DB-E7D7-4A54-B91E-AAD360D16FB4}.Debug|Any CPU.ActiveCfg = Debug|Any CPU
		{95D9F4DB-E7D7-4A54-B91E-AAD360D16FB4}.Debug|Any CPU.Build.0 = Debug|Any CPU
		{95D9F4DB-E7D7-4A54-B91E-AAD360D16FB4}.Release|Any CPU.ActiveCfg = Release|Any CPU
		{95D9F4DB-E7D7-4A54-B91E-AAD360D16FB4}.Release|Any CPU.Build.0 = Release|Any CPU
		{BB02EEB4-53FF-4052-BF22-2A673CB5C9BE}.Debug|Any CPU.ActiveCfg = Debug|Any CPU
		{BB02EEB4-53FF-4052-BF22-2A673CB5C9BE}.Debug|Any CPU.Build.0 = Debug|Any CPU
		{BB02EEB4-53FF-4052-BF22-2A673CB5C9BE}.Release|Any CPU.ActiveCfg = Release|Any CPU
		{BB02EEB4-53FF-4052-BF22-2A673CB5C9BE}.Release|Any CPU.Build.0 = Release|Any CPU
	EndGlobalSection
	GlobalSection(SolutionProperties) = preSolution
		HideSolutionNode = FALSE
	EndGlobalSection
	GlobalSection(NestedProjects) = preSolution
		{3754A12B-DCAB-4A0A-B1B1-F6F5AAF06763} = {D0B476DF-F1B8-42D1-8243-B5A37F8C5772}
		{FC6CAE8C-8E58-402E-B70F-08E84375E172} = {02EA681E-C7D8-13C7-8484-4AC65E1B71E8}
		{F789D69C-94BD-4099-A90F-FE008C6B7F22} = {02EA681E-C7D8-13C7-8484-4AC65E1B71E8}
		{4E5CB795-9029-4314-A21E-121BB4F36963} = {02EA681E-C7D8-13C7-8484-4AC65E1B71E8}
		{95D9F4DB-E7D7-4A54-B91E-AAD360D16FB4} = {02EA681E-C7D8-13C7-8484-4AC65E1B71E8}
		{BB02EEB4-53FF-4052-BF22-2A673CB5C9BE} = {0927B76C-7F46-483B-A5EE-81F11F0091F5}
	EndGlobalSection
	GlobalSection(ExtensibilityGlobals) = postSolution
		SolutionGuid = {818522A1-3DCF-4667-87D9-AA625F385B40}
	EndGlobalSection
EndGlobal
