
Microsoft Visual Studio Solution File, Format Version 12.00
# Visual Studio Version 18
VisualStudioVersion = 18.1.11312.151
MinimumVisualStudioVersion = 10.0.40219.1
Project("{2150E333-8FDC-42A3-9474-1A3956D46DE8}") = "src", "src", "{02EA681E-C7D8-13C7-8484-4AC65E1B71E8}"
EndProject
Project("{2150E333-8FDC-42A3-9474-1A3956D46DE8}") = "Svc.Core", "Svc.Core", "{94AAAB4B-1519-4584-A11A-3DD3DCCA5978}"
EndProject
Project("{FAE04EC0-301F-11D3-BF4B-00C04F79EFBC}") = "Svc.Gateway", "src\Svc.Gateway\Svc.Gateway.csproj", "{9C4AB8F4-D83E-4113-8DB5-DA5EA752D2FC}"
EndProject
Project("{FAE04EC0-301F-11D3-BF4B-00C04F79EFBC}") = "Cor.HRMM", "src\Svc.Core\Cor.HRMM\Cor.HRMM.csproj", "{D8186706-3158-4EE6-B13E-514C03B8C776}"
EndProject
Project("{2150E333-8FDC-42A3-9474-1A3956D46DE8}") = "Svc.HRM", "Svc.HRM", "{30221ADC-4F1F-49E0-8165-FE50C00C2B19}"
EndProject
Project("{2150E333-8FDC-42A3-9474-1A3956D46DE8}") = "HRM.Profile", "HRM.Profile", "{408C4313-EA0A-4F29-AF8F-0A80B44807BB}"
EndProject
Project("{FAE04EC0-301F-11D3-BF4B-00C04F79EFBC}") = "Profile.App", "src\Svc.HRM\HRM.Profile\Profile.App\Profile.App.csproj", "{3599FACE-3FBB-40F0-B288-EFBD3523E4A3}"
EndProject
Project("{FAE04EC0-301F-11D3-BF4B-00C04F79EFBC}") = "Profile.Domain", "src\Svc.HRM\HRM.Profile\Profile.Domain\Profile.Domain.csproj", "{B15A60D0-08CE-4869-93D0-2081E830C862}"
EndProject
Project("{FAE04EC0-301F-11D3-BF4B-00C04F79EFBC}") = "Profile.Utility", "src\Svc.HRM\HRM.Profile\Profile.Utility\Profile.Utility.csproj", "{E3CA8821-2A28-44F9-8295-10A9BCBEC022}"
EndProject
Project("{FAE04EC0-301F-11D3-BF4B-00C04F79EFBC}") = "Profile.API", "src\Svc.HRM\HRM.Profile\Profile.API\Profile.API.csproj", "{75653DAC-8B51-40FE-BC1E-FDCA469F255A}"
EndProject
Project("{FAE04EC0-301F-11D3-BF4B-00C04F79EFBC}") = "Cor.Module", "src\Svc.Core\Cor.Module\Cor.Module.csproj", "{874773ED-3F12-4328-9DB5-49DABFECA04D}"
EndProject
Project("{2150E333-8FDC-42A3-9474-1A3956D46DE8}") = "HRM.Leave", "HRM.Leave", "{975F5325-DC26-42CC-9B3F-BE7E0B7FCBCF}"
EndProject
Project("{FAE04EC0-301F-11D3-BF4B-00C04F79EFBC}") = "Leave.App", "src\Svc.HRM\HRM.Leave\Leave.App\Leave.App.csproj", "{7E021D1F-E1FB-46EB-A5F4-972F4F13C58A}"
EndProject
Project("{FAE04EC0-301F-11D3-BF4B-00C04F79EFBC}") = "Leave.Domain", "src\Svc.HRM\HRM.Leave\Leave.Domain\Leave.Domain.csproj", "{3DAE630F-E7CD-47B8-B894-33B0705FFED6}"
EndProject
Project("{FAE04EC0-301F-11D3-BF4B-00C04F79EFBC}") = "Leave.Utility", "src\Svc.HRM\HRM.Leave\Leave.Utility\Leave.Utility.csproj", "{916F917F-0FC8-4824-ACE5-70A2FD2F81C1}"
EndProject
Project("{FAE04EC0-301F-11D3-BF4B-00C04F79EFBC}") = "Leave.API", "src\Svc.HRM\HRM.Leave\Leave.API\Leave.API.csproj", "{1382F395-FEAD-420D-93AA-A6F15E885785}"
EndProject
Project("{2150E333-8FDC-42A3-9474-1A3956D46DE8}") = "Shared", "Shared", "{370D4C48-32F0-42B9-8BC1-677CAD590430}"
	ProjectSection(SolutionItems) = preProject
		Directory.Build.props = Directory.Build.props
		Directory.Packages.props = Directory.Packages.props
	EndProjectSection
EndProject
Project("{FAE04EC0-301F-11D3-BF4B-00C04F79EFBC}") = "RST_ERP.AppHost", "src\RST_ERP.AppHost\RST_ERP.AppHost.csproj", "{8EB6986C-DC0D-4942-97D3-C69F922437D4}"
EndProject
Project("{FAE04EC0-301F-11D3-BF4B-00C04F79EFBC}") = "RST_ERP.ServiceDefaults", "src\RST_ERP.ServiceDefaults\RST_ERP.ServiceDefaults.csproj", "{BC3C2A4D-B287-E7D3-30C9-3B50DCD90173}"
EndProject
Project("{FAE04EC0-301F-11D3-BF4B-00C04F79EFBC}") = "Svc.Auth", "src\Svc.Auth\Svc.Auth.csproj", "{077A75B7-74D8-DC38-A1E2-CD1CC4E8FD14}"
EndProject
Project("{2150E333-8FDC-42A3-9474-1A3956D46DE8}") = "gRPC", "gRPC", "{53D19D9D-D21E-4793-BADF-4A7D318AFCCE}"
EndProject
Project("{FAE04EC0-301F-11D3-BF4B-00C04F79EFBC}") = "Contracts", "src\gRPC\Contracts\Contracts.csproj", "{D8204156-B35D-4218-9491-127314D08C0E}"
EndProject
Project("{FAE04EC0-301F-11D3-BF4B-00C04F79EFBC}") = "Common", "src\gRPC\Common\Common.csproj", "{F8849311-861D-45AA-8A22-06169D5E3B52}"
EndProject
Project("{2150E333-8FDC-42A3-9474-1A3956D46DE8}") = "HRM.Recruit", "HRM.Recruit", "{626DD5A8-47AF-4F7E-9D9A-D3C4EB5F0368}"
EndProject
Project("{FAE04EC0-301F-11D3-BF4B-00C04F79EFBC}") = "Recruit.API", "src\Svc.HRM\HRM.Recruit\Recruit.API\Recruit.API.csproj", "{B4E66371-0262-0DCF-39AF-A98614009FDC}"
EndProject
Project("{FAE04EC0-301F-11D3-BF4B-00C04F79EFBC}") = "Recruit.App", "src\Svc.HRM\HRM.Recruit\Recruit.App\Recruit.App.csproj", "{EB7460B0-3B6C-4EE9-9FEF-DC66AA415E4E}"
EndProject
Project("{FAE04EC0-301F-11D3-BF4B-00C04F79EFBC}") = "Recruit.Domain", "src\Svc.HRM\HRM.Recruit\Recruit.Domain\Recruit.Domain.csproj", "{A65204E7-6A90-4438-96AB-7B936FEE6A46}"
EndProject
Project("{FAE04EC0-301F-11D3-BF4B-00C04F79EFBC}") = "Recruit.Utility", "src\Svc.HRM\HRM.Recruit\Recruit.Utility\Recruit.Utility.csproj", "{2A8D978B-E2A8-4ADF-B85F-190168619EDC}"
EndProject
Project("{2150E333-8FDC-42A3-9474-1A3956D46DE8}") = "Shared", "Shared", "{A7DC6F0F-0146-4815-B18D-DF85B15A602F}"
EndProject
Project("{FAE04EC0-301F-11D3-BF4B-00C04F79EFBC}") = "Helpers", "src\Shared\Helpers\Helpers.csproj", "{6389BE62-3B6A-4E4B-9BEC-AEE74CB90771}"
EndProject
Global
	GlobalSection(SolutionConfigurationPlatforms) = preSolution
		Debug|Any CPU = Debug|Any CPU
		Debug|x64 = Debug|x64
		Debug|x86 = Debug|x86
		Release|Any CPU = Release|Any CPU
		Release|x64 = Release|x64
		Release|x86 = Release|x86
	EndGlobalSection
	GlobalSection(ProjectConfigurationPlatforms) = postSolution
		{9C4AB8F4-D83E-4113-8DB5-DA5EA752D2FC}.Debug|Any CPU.ActiveCfg = Debug|Any CPU
		{9C4AB8F4-D83E-4113-8DB5-DA5EA752D2FC}.Debug|Any CPU.Build.0 = Debug|Any CPU
		{9C4AB8F4-D83E-4113-8DB5-DA5EA752D2FC}.Debug|x64.ActiveCfg = Debug|Any CPU
		{9C4AB8F4-D83E-4113-8DB5-DA5EA752D2FC}.Debug|x64.Build.0 = Debug|Any CPU
		{9C4AB8F4-D83E-4113-8DB5-DA5EA752D2FC}.Debug|x86.ActiveCfg = Debug|Any CPU
		{9C4AB8F4-D83E-4113-8DB5-DA5EA752D2FC}.Debug|x86.Build.0 = Debug|Any CPU
		{9C4AB8F4-D83E-4113-8DB5-DA5EA752D2FC}.Release|Any CPU.ActiveCfg = Release|Any CPU
		{9C4AB8F4-D83E-4113-8DB5-DA5EA752D2FC}.Release|Any CPU.Build.0 = Release|Any CPU
		{9C4AB8F4-D83E-4113-8DB5-DA5EA752D2FC}.Release|x64.ActiveCfg = Release|Any CPU
		{9C4AB8F4-D83E-4113-8DB5-DA5EA752D2FC}.Release|x64.Build.0 = Release|Any CPU
		{9C4AB8F4-D83E-4113-8DB5-DA5EA752D2FC}.Release|x86.ActiveCfg = Release|Any CPU
		{9C4AB8F4-D83E-4113-8DB5-DA5EA752D2FC}.Release|x86.Build.0 = Release|Any CPU
		{D8186706-3158-4EE6-B13E-514C03B8C776}.Debug|Any CPU.ActiveCfg = Debug|Any CPU
		{D8186706-3158-4EE6-B13E-514C03B8C776}.Debug|Any CPU.Build.0 = Debug|Any CPU
		{D8186706-3158-4EE6-B13E-514C03B8C776}.Debug|x64.ActiveCfg = Debug|Any CPU
		{D8186706-3158-4EE6-B13E-514C03B8C776}.Debug|x64.Build.0 = Debug|Any CPU
		{D8186706-3158-4EE6-B13E-514C03B8C776}.Debug|x86.ActiveCfg = Debug|Any CPU
		{D8186706-3158-4EE6-B13E-514C03B8C776}.Debug|x86.Build.0 = Debug|Any CPU
		{D8186706-3158-4EE6-B13E-514C03B8C776}.Release|Any CPU.ActiveCfg = Release|Any CPU
		{D8186706-3158-4EE6-B13E-514C03B8C776}.Release|Any CPU.Build.0 = Release|Any CPU
		{D8186706-3158-4EE6-B13E-514C03B8C776}.Release|x64.ActiveCfg = Release|Any CPU
		{D8186706-3158-4EE6-B13E-514C03B8C776}.Release|x64.Build.0 = Release|Any CPU
		{D8186706-3158-4EE6-B13E-514C03B8C776}.Release|x86.ActiveCfg = Release|Any CPU
		{D8186706-3158-4EE6-B13E-514C03B8C776}.Release|x86.Build.0 = Release|Any CPU
		{3599FACE-3FBB-40F0-B288-EFBD3523E4A3}.Debug|Any CPU.ActiveCfg = Debug|Any CPU
		{3599FACE-3FBB-40F0-B288-EFBD3523E4A3}.Debug|Any CPU.Build.0 = Debug|Any CPU
		{3599FACE-3FBB-40F0-B288-EFBD3523E4A3}.Debug|x64.ActiveCfg = Debug|Any CPU
		{3599FACE-3FBB-40F0-B288-EFBD3523E4A3}.Debug|x64.Build.0 = Debug|Any CPU
		{3599FACE-3FBB-40F0-B288-EFBD3523E4A3}.Debug|x86.ActiveCfg = Debug|Any CPU
		{3599FACE-3FBB-40F0-B288-EFBD3523E4A3}.Debug|x86.Build.0 = Debug|Any CPU
		{3599FACE-3FBB-40F0-B288-EFBD3523E4A3}.Release|Any CPU.ActiveCfg = Release|Any CPU
		{3599FACE-3FBB-40F0-B288-EFBD3523E4A3}.Release|Any CPU.Build.0 = Release|Any CPU
		{3599FACE-3FBB-40F0-B288-EFBD3523E4A3}.Release|x64.ActiveCfg = Release|Any CPU
		{3599FACE-3FBB-40F0-B288-EFBD3523E4A3}.Release|x64.Build.0 = Release|Any CPU
		{3599FACE-3FBB-40F0-B288-EFBD3523E4A3}.Release|x86.ActiveCfg = Release|Any CPU
		{3599FACE-3FBB-40F0-B288-EFBD3523E4A3}.Release|x86.Build.0 = Release|Any CPU
		{B15A60D0-08CE-4869-93D0-2081E830C862}.Debug|Any CPU.ActiveCfg = Debug|Any CPU
		{B15A60D0-08CE-4869-93D0-2081E830C862}.Debug|Any CPU.Build.0 = Debug|Any CPU
		{B15A60D0-08CE-4869-93D0-2081E830C862}.Debug|x64.ActiveCfg = Debug|Any CPU
		{B15A60D0-08CE-4869-93D0-2081E830C862}.Debug|x64.Build.0 = Debug|Any CPU
		{B15A60D0-08CE-4869-93D0-2081E830C862}.Debug|x86.ActiveCfg = Debug|Any CPU
		{B15A60D0-08CE-4869-93D0-2081E830C862}.Debug|x86.Build.0 = Debug|Any CPU
		{B15A60D0-08CE-4869-93D0-2081E830C862}.Release|Any CPU.ActiveCfg = Release|Any CPU
		{B15A60D0-08CE-4869-93D0-2081E830C862}.Release|Any CPU.Build.0 = Release|Any CPU
		{B15A60D0-08CE-4869-93D0-2081E830C862}.Release|x64.ActiveCfg = Release|Any CPU
		{B15A60D0-08CE-4869-93D0-2081E830C862}.Release|x64.Build.0 = Release|Any CPU
		{B15A60D0-08CE-4869-93D0-2081E830C862}.Release|x86.ActiveCfg = Release|Any CPU
		{B15A60D0-08CE-4869-93D0-2081E830C862}.Release|x86.Build.0 = Release|Any CPU
		{E3CA8821-2A28-44F9-8295-10A9BCBEC022}.Debug|Any CPU.ActiveCfg = Debug|Any CPU
		{E3CA8821-2A28-44F9-8295-10A9BCBEC022}.Debug|Any CPU.Build.0 = Debug|Any CPU
		{E3CA8821-2A28-44F9-8295-10A9BCBEC022}.Debug|x64.ActiveCfg = Debug|Any CPU
		{E3CA8821-2A28-44F9-8295-10A9BCBEC022}.Debug|x64.Build.0 = Debug|Any CPU
		{E3CA8821-2A28-44F9-8295-10A9BCBEC022}.Debug|x86.ActiveCfg = Debug|Any CPU
		{E3CA8821-2A28-44F9-8295-10A9BCBEC022}.Debug|x86.Build.0 = Debug|Any CPU
		{E3CA8821-2A28-44F9-8295-10A9BCBEC022}.Release|Any CPU.ActiveCfg = Release|Any CPU
		{E3CA8821-2A28-44F9-8295-10A9BCBEC022}.Release|Any CPU.Build.0 = Release|Any CPU
		{E3CA8821-2A28-44F9-8295-10A9BCBEC022}.Release|x64.ActiveCfg = Release|Any CPU
		{E3CA8821-2A28-44F9-8295-10A9BCBEC022}.Release|x64.Build.0 = Release|Any CPU
		{E3CA8821-2A28-44F9-8295-10A9BCBEC022}.Release|x86.ActiveCfg = Release|Any CPU
		{E3CA8821-2A28-44F9-8295-10A9BCBEC022}.Release|x86.Build.0 = Release|Any CPU
		{75653DAC-8B51-40FE-BC1E-FDCA469F255A}.Debug|Any CPU.ActiveCfg = Debug|Any CPU
		{75653DAC-8B51-40FE-BC1E-FDCA469F255A}.Debug|Any CPU.Build.0 = Debug|Any CPU
		{75653DAC-8B51-40FE-BC1E-FDCA469F255A}.Debug|x64.ActiveCfg = Debug|Any CPU
		{75653DAC-8B51-40FE-BC1E-FDCA469F255A}.Debug|x64.Build.0 = Debug|Any CPU
		{75653DAC-8B51-40FE-BC1E-FDCA469F255A}.Debug|x86.ActiveCfg = Debug|Any CPU
		{75653DAC-8B51-40FE-BC1E-FDCA469F255A}.Debug|x86.Build.0 = Debug|Any CPU
		{75653DAC-8B51-40FE-BC1E-FDCA469F255A}.Release|Any CPU.ActiveCfg = Release|Any CPU
		{75653DAC-8B51-40FE-BC1E-FDCA469F255A}.Release|Any CPU.Build.0 = Release|Any CPU
		{75653DAC-8B51-40FE-BC1E-FDCA469F255A}.Release|x64.ActiveCfg = Release|Any CPU
		{75653DAC-8B51-40FE-BC1E-FDCA469F255A}.Release|x64.Build.0 = Release|Any CPU
		{75653DAC-8B51-40FE-BC1E-FDCA469F255A}.Release|x86.ActiveCfg = Release|Any CPU
		{75653DAC-8B51-40FE-BC1E-FDCA469F255A}.Release|x86.Build.0 = Release|Any CPU
		{874773ED-3F12-4328-9DB5-49DABFECA04D}.Debug|Any CPU.ActiveCfg = Debug|Any CPU
		{874773ED-3F12-4328-9DB5-49DABFECA04D}.Debug|Any CPU.Build.0 = Debug|Any CPU
		{874773ED-3F12-4328-9DB5-49DABFECA04D}.Debug|x64.ActiveCfg = Debug|Any CPU
		{874773ED-3F12-4328-9DB5-49DABFECA04D}.Debug|x64.Build.0 = Debug|Any CPU
		{874773ED-3F12-4328-9DB5-49DABFECA04D}.Debug|x86.ActiveCfg = Debug|Any CPU
		{874773ED-3F12-4328-9DB5-49DABFECA04D}.Debug|x86.Build.0 = Debug|Any CPU
		{874773ED-3F12-4328-9DB5-49DABFECA04D}.Release|Any CPU.ActiveCfg = Release|Any CPU
		{874773ED-3F12-4328-9DB5-49DABFECA04D}.Release|Any CPU.Build.0 = Release|Any CPU
		{874773ED-3F12-4328-9DB5-49DABFECA04D}.Release|x64.ActiveCfg = Release|Any CPU
		{874773ED-3F12-4328-9DB5-49DABFECA04D}.Release|x64.Build.0 = Release|Any CPU
		{874773ED-3F12-4328-9DB5-49DABFECA04D}.Release|x86.ActiveCfg = Release|Any CPU
		{874773ED-3F12-4328-9DB5-49DABFECA04D}.Release|x86.Build.0 = Release|Any CPU
		{7E021D1F-E1FB-46EB-A5F4-972F4F13C58A}.Debug|Any CPU.ActiveCfg = Debug|Any CPU
		{7E021D1F-E1FB-46EB-A5F4-972F4F13C58A}.Debug|Any CPU.Build.0 = Debug|Any CPU
		{7E021D1F-E1FB-46EB-A5F4-972F4F13C58A}.Debug|x64.ActiveCfg = Debug|Any CPU
		{7E021D1F-E1FB-46EB-A5F4-972F4F13C58A}.Debug|x64.Build.0 = Debug|Any CPU
		{7E021D1F-E1FB-46EB-A5F4-972F4F13C58A}.Debug|x86.ActiveCfg = Debug|Any CPU
		{7E021D1F-E1FB-46EB-A5F4-972F4F13C58A}.Debug|x86.Build.0 = Debug|Any CPU
		{7E021D1F-E1FB-46EB-A5F4-972F4F13C58A}.Release|Any CPU.ActiveCfg = Release|Any CPU
		{7E021D1F-E1FB-46EB-A5F4-972F4F13C58A}.Release|Any CPU.Build.0 = Release|Any CPU
		{7E021D1F-E1FB-46EB-A5F4-972F4F13C58A}.Release|x64.ActiveCfg = Release|Any CPU
		{7E021D1F-E1FB-46EB-A5F4-972F4F13C58A}.Release|x64.Build.0 = Release|Any CPU
		{7E021D1F-E1FB-46EB-A5F4-972F4F13C58A}.Release|x86.ActiveCfg = Release|Any CPU
		{7E021D1F-E1FB-46EB-A5F4-972F4F13C58A}.Release|x86.Build.0 = Release|Any CPU
		{3DAE630F-E7CD-47B8-B894-33B0705FFED6}.Debug|Any CPU.ActiveCfg = Debug|Any CPU
		{3DAE630F-E7CD-47B8-B894-33B0705FFED6}.Debug|Any CPU.Build.0 = Debug|Any CPU
		{3DAE630F-E7CD-47B8-B894-33B0705FFED6}.Debug|x64.ActiveCfg = Debug|Any CPU
		{3DAE630F-E7CD-47B8-B894-33B0705FFED6}.Debug|x64.Build.0 = Debug|Any CPU
		{3DAE630F-E7CD-47B8-B894-33B0705FFED6}.Debug|x86.ActiveCfg = Debug|Any CPU
		{3DAE630F-E7CD-47B8-B894-33B0705FFED6}.Debug|x86.Build.0 = Debug|Any CPU
		{3DAE630F-E7CD-47B8-B894-33B0705FFED6}.Release|Any CPU.ActiveCfg = Release|Any CPU
		{3DAE630F-E7CD-47B8-B894-33B0705FFED6}.Release|Any CPU.Build.0 = Release|Any CPU
		{3DAE630F-E7CD-47B8-B894-33B0705FFED6}.Release|x64.ActiveCfg = Release|Any CPU
		{3DAE630F-E7CD-47B8-B894-33B0705FFED6}.Release|x64.Build.0 = Release|Any CPU
		{3DAE630F-E7CD-47B8-B894-33B0705FFED6}.Release|x86.ActiveCfg = Release|Any CPU
		{3DAE630F-E7CD-47B8-B894-33B0705FFED6}.Release|x86.Build.0 = Release|Any CPU
		{916F917F-0FC8-4824-ACE5-70A2FD2F81C1}.Debug|Any CPU.ActiveCfg = Debug|Any CPU
		{916F917F-0FC8-4824-ACE5-70A2FD2F81C1}.Debug|Any CPU.Build.0 = Debug|Any CPU
		{916F917F-0FC8-4824-ACE5-70A2FD2F81C1}.Debug|x64.ActiveCfg = Debug|Any CPU
		{916F917F-0FC8-4824-ACE5-70A2FD2F81C1}.Debug|x64.Build.0 = Debug|Any CPU
		{916F917F-0FC8-4824-ACE5-70A2FD2F81C1}.Debug|x86.ActiveCfg = Debug|Any CPU
		{916F917F-0FC8-4824-ACE5-70A2FD2F81C1}.Debug|x86.Build.0 = Debug|Any CPU
		{916F917F-0FC8-4824-ACE5-70A2FD2F81C1}.Release|Any CPU.ActiveCfg = Release|Any CPU
		{916F917F-0FC8-4824-ACE5-70A2FD2F81C1}.Release|Any CPU.Build.0 = Release|Any CPU
		{916F917F-0FC8-4824-ACE5-70A2FD2F81C1}.Release|x64.ActiveCfg = Release|Any CPU
		{916F917F-0FC8-4824-ACE5-70A2FD2F81C1}.Release|x64.Build.0 = Release|Any CPU
		{916F917F-0FC8-4824-ACE5-70A2FD2F81C1}.Release|x86.ActiveCfg = Release|Any CPU
		{916F917F-0FC8-4824-ACE5-70A2FD2F81C1}.Release|x86.Build.0 = Release|Any CPU
		{1382F395-FEAD-420D-93AA-A6F15E885785}.Debug|Any CPU.ActiveCfg = Debug|Any CPU
		{1382F395-FEAD-420D-93AA-A6F15E885785}.Debug|Any CPU.Build.0 = Debug|Any CPU
		{1382F395-FEAD-420D-93AA-A6F15E885785}.Debug|x64.ActiveCfg = Debug|Any CPU
		{1382F395-FEAD-420D-93AA-A6F15E885785}.Debug|x64.Build.0 = Debug|Any CPU
		{1382F395-FEAD-420D-93AA-A6F15E885785}.Debug|x86.ActiveCfg = Debug|Any CPU
		{1382F395-FEAD-420D-93AA-A6F15E885785}.Debug|x86.Build.0 = Debug|Any CPU
		{1382F395-FEAD-420D-93AA-A6F15E885785}.Release|Any CPU.ActiveCfg = Release|Any CPU
		{1382F395-FEAD-420D-93AA-A6F15E885785}.Release|Any CPU.Build.0 = Release|Any CPU
		{1382F395-FEAD-420D-93AA-A6F15E885785}.Release|x64.ActiveCfg = Release|Any CPU
		{1382F395-FEAD-420D-93AA-A6F15E885785}.Release|x64.Build.0 = Release|Any CPU
		{1382F395-FEAD-420D-93AA-A6F15E885785}.Release|x86.ActiveCfg = Release|Any CPU
		{1382F395-FEAD-420D-93AA-A6F15E885785}.Release|x86.Build.0 = Release|Any CPU
		{8EB6986C-DC0D-4942-97D3-C69F922437D4}.Debug|Any CPU.ActiveCfg = Debug|Any CPU
		{8EB6986C-DC0D-4942-97D3-C69F922437D4}.Debug|Any CPU.Build.0 = Debug|Any CPU
		{8EB6986C-DC0D-4942-97D3-C69F922437D4}.Debug|x64.ActiveCfg = Debug|Any CPU
		{8EB6986C-DC0D-4942-97D3-C69F922437D4}.Debug|x64.Build.0 = Debug|Any CPU
		{8EB6986C-DC0D-4942-97D3-C69F922437D4}.Debug|x86.ActiveCfg = Debug|Any CPU
		{8EB6986C-DC0D-4942-97D3-C69F922437D4}.Debug|x86.Build.0 = Debug|Any CPU
		{8EB6986C-DC0D-4942-97D3-C69F922437D4}.Release|Any CPU.ActiveCfg = Release|Any CPU
		{8EB6986C-DC0D-4942-97D3-C69F922437D4}.Release|Any CPU.Build.0 = Release|Any CPU
		{8EB6986C-DC0D-4942-97D3-C69F922437D4}.Release|x64.ActiveCfg = Release|Any CPU
		{8EB6986C-DC0D-4942-97D3-C69F922437D4}.Release|x64.Build.0 = Release|Any CPU
		{8EB6986C-DC0D-4942-97D3-C69F922437D4}.Release|x86.ActiveCfg = Release|Any CPU
		{8EB6986C-DC0D-4942-97D3-C69F922437D4}.Release|x86.Build.0 = Release|Any CPU
		{BC3C2A4D-B287-E7D3-30C9-3B50DCD90173}.Debug|Any CPU.ActiveCfg = Debug|Any CPU
		{BC3C2A4D-B287-E7D3-30C9-3B50DCD90173}.Debug|Any CPU.Build.0 = Debug|Any CPU
		{BC3C2A4D-B287-E7D3-30C9-3B50DCD90173}.Debug|x64.ActiveCfg = Debug|Any CPU
		{BC3C2A4D-B287-E7D3-30C9-3B50DCD90173}.Debug|x64.Build.0 = Debug|Any CPU
		{BC3C2A4D-B287-E7D3-30C9-3B50DCD90173}.Debug|x86.ActiveCfg = Debug|Any CPU
		{BC3C2A4D-B287-E7D3-30C9-3B50DCD90173}.Debug|x86.Build.0 = Debug|Any CPU
		{BC3C2A4D-B287-E7D3-30C9-3B50DCD90173}.Release|Any CPU.ActiveCfg = Release|Any CPU
		{BC3C2A4D-B287-E7D3-30C9-3B50DCD90173}.Release|Any CPU.Build.0 = Release|Any CPU
		{BC3C2A4D-B287-E7D3-30C9-3B50DCD90173}.Release|x64.ActiveCfg = Release|Any CPU
		{BC3C2A4D-B287-E7D3-30C9-3B50DCD90173}.Release|x64.Build.0 = Release|Any CPU
		{BC3C2A4D-B287-E7D3-30C9-3B50DCD90173}.Release|x86.ActiveCfg = Release|Any CPU
		{BC3C2A4D-B287-E7D3-30C9-3B50DCD90173}.Release|x86.Build.0 = Release|Any CPU
		{077A75B7-74D8-DC38-A1E2-CD1CC4E8FD14}.Debug|Any CPU.ActiveCfg = Debug|Any CPU
		{077A75B7-74D8-DC38-A1E2-CD1CC4E8FD14}.Debug|Any CPU.Build.0 = Debug|Any CPU
		{077A75B7-74D8-DC38-A1E2-CD1CC4E8FD14}.Debug|x64.ActiveCfg = Debug|Any CPU
		{077A75B7-74D8-DC38-A1E2-CD1CC4E8FD14}.Debug|x64.Build.0 = Debug|Any CPU
		{077A75B7-74D8-DC38-A1E2-CD1CC4E8FD14}.Debug|x86.ActiveCfg = Debug|Any CPU
		{077A75B7-74D8-DC38-A1E2-CD1CC4E8FD14}.Debug|x86.Build.0 = Debug|Any CPU
		{077A75B7-74D8-DC38-A1E2-CD1CC4E8FD14}.Release|Any CPU.ActiveCfg = Release|Any CPU
		{077A75B7-74D8-DC38-A1E2-CD1CC4E8FD14}.Release|Any CPU.Build.0 = Release|Any CPU
		{077A75B7-74D8-DC38-A1E2-CD1CC4E8FD14}.Release|x64.ActiveCfg = Release|Any CPU
		{077A75B7-74D8-DC38-A1E2-CD1CC4E8FD14}.Release|x64.Build.0 = Release|Any CPU
		{077A75B7-74D8-DC38-A1E2-CD1CC4E8FD14}.Release|x86.ActiveCfg = Release|Any CPU
		{077A75B7-74D8-DC38-A1E2-CD1CC4E8FD14}.Release|x86.Build.0 = Release|Any CPU
		{D8204156-B35D-4218-9491-127314D08C0E}.Debug|Any CPU.ActiveCfg = Debug|Any CPU
		{D8204156-B35D-4218-9491-127314D08C0E}.Debug|Any CPU.Build.0 = Debug|Any CPU
		{D8204156-B35D-4218-9491-127314D08C0E}.Debug|x64.ActiveCfg = Debug|Any CPU
		{D8204156-B35D-4218-9491-127314D08C0E}.Debug|x64.Build.0 = Debug|Any CPU
		{D8204156-B35D-4218-9491-127314D08C0E}.Debug|x86.ActiveCfg = Debug|Any CPU
		{D8204156-B35D-4218-9491-127314D08C0E}.Debug|x86.Build.0 = Debug|Any CPU
		{D8204156-B35D-4218-9491-127314D08C0E}.Release|Any CPU.ActiveCfg = Release|Any CPU
		{D8204156-B35D-4218-9491-127314D08C0E}.Release|Any CPU.Build.0 = Release|Any CPU
		{D8204156-B35D-4218-9491-127314D08C0E}.Release|x64.ActiveCfg = Release|Any CPU
		{D8204156-B35D-4218-9491-127314D08C0E}.Release|x64.Build.0 = Release|Any CPU
		{D8204156-B35D-4218-9491-127314D08C0E}.Release|x86.ActiveCfg = Release|Any CPU
		{D8204156-B35D-4218-9491-127314D08C0E}.Release|x86.Build.0 = Release|Any CPU
		{F8849311-861D-45AA-8A22-06169D5E3B52}.Debug|Any CPU.ActiveCfg = Debug|Any CPU
		{F8849311-861D-45AA-8A22-06169D5E3B52}.Debug|Any CPU.Build.0 = Debug|Any CPU
		{F8849311-861D-45AA-8A22-06169D5E3B52}.Debug|x64.ActiveCfg = Debug|Any CPU
		{F8849311-861D-45AA-8A22-06169D5E3B52}.Debug|x64.Build.0 = Debug|Any CPU
		{F8849311-861D-45AA-8A22-06169D5E3B52}.Debug|x86.ActiveCfg = Debug|Any CPU
		{F8849311-861D-45AA-8A22-06169D5E3B52}.Debug|x86.Build.0 = Debug|Any CPU
		{F8849311-861D-45AA-8A22-06169D5E3B52}.Release|Any CPU.ActiveCfg = Release|Any CPU
		{F8849311-861D-45AA-8A22-06169D5E3B52}.Release|Any CPU.Build.0 = Release|Any CPU
		{F8849311-861D-45AA-8A22-06169D5E3B52}.Release|x64.ActiveCfg = Release|Any CPU
		{F8849311-861D-45AA-8A22-06169D5E3B52}.Release|x64.Build.0 = Release|Any CPU
		{F8849311-861D-45AA-8A22-06169D5E3B52}.Release|x86.ActiveCfg = Release|Any CPU
		{F8849311-861D-45AA-8A22-06169D5E3B52}.Release|x86.Build.0 = Release|Any CPU
		{B4E66371-0262-0DCF-39AF-A98614009FDC}.Debug|Any CPU.ActiveCfg = Debug|Any CPU
		{B4E66371-0262-0DCF-39AF-A98614009FDC}.Debug|Any CPU.Build.0 = Debug|Any CPU
		{B4E66371-0262-0DCF-39AF-A98614009FDC}.Debug|x64.ActiveCfg = Debug|Any CPU
		{B4E66371-0262-0DCF-39AF-A98614009FDC}.Debug|x64.Build.0 = Debug|Any CPU
		{B4E66371-0262-0DCF-39AF-A98614009FDC}.Debug|x86.ActiveCfg = Debug|Any CPU
		{B4E66371-0262-0DCF-39AF-A98614009FDC}.Debug|x86.Build.0 = Debug|Any CPU
		{B4E66371-0262-0DCF-39AF-A98614009FDC}.Release|Any CPU.ActiveCfg = Release|Any CPU
		{B4E66371-0262-0DCF-39AF-A98614009FDC}.Release|Any CPU.Build.0 = Release|Any CPU
		{B4E66371-0262-0DCF-39AF-A98614009FDC}.Release|x64.ActiveCfg = Release|Any CPU
		{B4E66371-0262-0DCF-39AF-A98614009FDC}.Release|x64.Build.0 = Release|Any CPU
		{B4E66371-0262-0DCF-39AF-A98614009FDC}.Release|x86.ActiveCfg = Release|Any CPU
		{B4E66371-0262-0DCF-39AF-A98614009FDC}.Release|x86.Build.0 = Release|Any CPU
		{EB7460B0-3B6C-4EE9-9FEF-DC66AA415E4E}.Debug|Any CPU.ActiveCfg = Debug|Any CPU
		{EB7460B0-3B6C-4EE9-9FEF-DC66AA415E4E}.Debug|Any CPU.Build.0 = Debug|Any CPU
		{EB7460B0-3B6C-4EE9-9FEF-DC66AA415E4E}.Debug|x64.ActiveCfg = Debug|Any CPU
		{EB7460B0-3B6C-4EE9-9FEF-DC66AA415E4E}.Debug|x64.Build.0 = Debug|Any CPU
		{EB7460B0-3B6C-4EE9-9FEF-DC66AA415E4E}.Debug|x86.ActiveCfg = Debug|Any CPU
		{EB7460B0-3B6C-4EE9-9FEF-DC66AA415E4E}.Debug|x86.Build.0 = Debug|Any CPU
		{EB7460B0-3B6C-4EE9-9FEF-DC66AA415E4E}.Release|Any CPU.ActiveCfg = Release|Any CPU
		{EB7460B0-3B6C-4EE9-9FEF-DC66AA415E4E}.Release|Any CPU.Build.0 = Release|Any CPU
		{EB7460B0-3B6C-4EE9-9FEF-DC66AA415E4E}.Release|x64.ActiveCfg = Release|Any CPU
		{EB7460B0-3B6C-4EE9-9FEF-DC66AA415E4E}.Release|x64.Build.0 = Release|Any CPU
		{EB7460B0-3B6C-4EE9-9FEF-DC66AA415E4E}.Release|x86.ActiveCfg = Release|Any CPU
		{EB7460B0-3B6C-4EE9-9FEF-DC66AA415E4E}.Release|x86.Build.0 = Release|Any CPU
		{A65204E7-6A90-4438-96AB-7B936FEE6A46}.Debug|Any CPU.ActiveCfg = Debug|Any CPU
		{A65204E7-6A90-4438-96AB-7B936FEE6A46}.Debug|Any CPU.Build.0 = Debug|Any CPU
		{A65204E7-6A90-4438-96AB-7B936FEE6A46}.Debug|x64.ActiveCfg = Debug|Any CPU
		{A65204E7-6A90-4438-96AB-7B936FEE6A46}.Debug|x64.Build.0 = Debug|Any CPU
		{A65204E7-6A90-4438-96AB-7B936FEE6A46}.Debug|x86.ActiveCfg = Debug|Any CPU
		{A65204E7-6A90-4438-96AB-7B936FEE6A46}.Debug|x86.Build.0 = Debug|Any CPU
		{A65204E7-6A90-4438-96AB-7B936FEE6A46}.Release|Any CPU.ActiveCfg = Release|Any CPU
		{A65204E7-6A90-4438-96AB-7B936FEE6A46}.Release|Any CPU.Build.0 = Release|Any CPU
		{A65204E7-6A90-4438-96AB-7B936FEE6A46}.Release|x64.ActiveCfg = Release|Any CPU
		{A65204E7-6A90-4438-96AB-7B936FEE6A46}.Release|x64.Build.0 = Release|Any CPU
		{A65204E7-6A90-4438-96AB-7B936FEE6A46}.Release|x86.ActiveCfg = Release|Any CPU
		{A65204E7-6A90-4438-96AB-7B936FEE6A46}.Release|x86.Build.0 = Release|Any CPU
		{2A8D978B-E2A8-4ADF-B85F-190168619EDC}.Debug|Any CPU.ActiveCfg = Debug|Any CPU
		{2A8D978B-E2A8-4ADF-B85F-190168619EDC}.Debug|Any CPU.Build.0 = Debug|Any CPU
		{2A8D978B-E2A8-4ADF-B85F-190168619EDC}.Debug|x64.ActiveCfg = Debug|Any CPU
		{2A8D978B-E2A8-4ADF-B85F-190168619EDC}.Debug|x64.Build.0 = Debug|Any CPU
		{2A8D978B-E2A8-4ADF-B85F-190168619EDC}.Debug|x86.ActiveCfg = Debug|Any CPU
		{2A8D978B-E2A8-4ADF-B85F-190168619EDC}.Debug|x86.Build.0 = Debug|Any CPU
		{2A8D978B-E2A8-4ADF-B85F-190168619EDC}.Release|Any CPU.ActiveCfg = Release|Any CPU
		{2A8D978B-E2A8-4ADF-B85F-190168619EDC}.Release|Any CPU.Build.0 = Release|Any CPU
		{2A8D978B-E2A8-4ADF-B85F-190168619EDC}.Release|x64.ActiveCfg = Release|Any CPU
		{2A8D978B-E2A8-4ADF-B85F-190168619EDC}.Release|x64.Build.0 = Release|Any CPU
		{2A8D978B-E2A8-4ADF-B85F-190168619EDC}.Release|x86.ActiveCfg = Release|Any CPU
		{2A8D978B-E2A8-4ADF-B85F-190168619EDC}.Release|x86.Build.0 = Release|Any CPU
		{6389BE62-3B6A-4E4B-9BEC-AEE74CB90771}.Debug|Any CPU.ActiveCfg = Debug|Any CPU
		{6389BE62-3B6A-4E4B-9BEC-AEE74CB90771}.Debug|Any CPU.Build.0 = Debug|Any CPU
		{6389BE62-3B6A-4E4B-9BEC-AEE74CB90771}.Debug|x64.ActiveCfg = Debug|Any CPU
		{6389BE62-3B6A-4E4B-9BEC-AEE74CB90771}.Debug|x64.Build.0 = Debug|Any CPU
		{6389BE62-3B6A-4E4B-9BEC-AEE74CB90771}.Debug|x86.ActiveCfg = Debug|Any CPU
		{6389BE62-3B6A-4E4B-9BEC-AEE74CB90771}.Debug|x86.Build.0 = Debug|Any CPU
		{6389BE62-3B6A-4E4B-9BEC-AEE74CB90771}.Release|Any CPU.ActiveCfg = Release|Any CPU
		{6389BE62-3B6A-4E4B-9BEC-AEE74CB90771}.Release|Any CPU.Build.0 = Release|Any CPU
		{6389BE62-3B6A-4E4B-9BEC-AEE74CB90771}.Release|x64.ActiveCfg = Release|Any CPU
		{6389BE62-3B6A-4E4B-9BEC-AEE74CB90771}.Release|x64.Build.0 = Release|Any CPU
		{6389BE62-3B6A-4E4B-9BEC-AEE74CB90771}.Release|x86.ActiveCfg = Release|Any CPU
		{6389BE62-3B6A-4E4B-9BEC-AEE74CB90771}.Release|x86.Build.0 = Release|Any CPU
	EndGlobalSection
	GlobalSection(SolutionProperties) = preSolution
		HideSolutionNode = FALSE
	EndGlobalSection
	GlobalSection(NestedProjects) = preSolution
		{94AAAB4B-1519-4584-A11A-3DD3DCCA5978} = {02EA681E-C7D8-13C7-8484-4AC65E1B71E8}
		{9C4AB8F4-D83E-4113-8DB5-DA5EA752D2FC} = {02EA681E-C7D8-13C7-8484-4AC65E1B71E8}
		{D8186706-3158-4EE6-B13E-514C03B8C776} = {94AAAB4B-1519-4584-A11A-3DD3DCCA5978}
		{30221ADC-4F1F-49E0-8165-FE50C00C2B19} = {02EA681E-C7D8-13C7-8484-4AC65E1B71E8}
		{408C4313-EA0A-4F29-AF8F-0A80B44807BB} = {30221ADC-4F1F-49E0-8165-FE50C00C2B19}
		{3599FACE-3FBB-40F0-B288-EFBD3523E4A3} = {408C4313-EA0A-4F29-AF8F-0A80B44807BB}
		{B15A60D0-08CE-4869-93D0-2081E830C862} = {408C4313-EA0A-4F29-AF8F-0A80B44807BB}
		{E3CA8821-2A28-44F9-8295-10A9BCBEC022} = {408C4313-EA0A-4F29-AF8F-0A80B44807BB}
		{75653DAC-8B51-40FE-BC1E-FDCA469F255A} = {408C4313-EA0A-4F29-AF8F-0A80B44807BB}
		{874773ED-3F12-4328-9DB5-49DABFECA04D} = {94AAAB4B-1519-4584-A11A-3DD3DCCA5978}
		{975F5325-DC26-42CC-9B3F-BE7E0B7FCBCF} = {30221ADC-4F1F-49E0-8165-FE50C00C2B19}
		{7E021D1F-E1FB-46EB-A5F4-972F4F13C58A} = {975F5325-DC26-42CC-9B3F-BE7E0B7FCBCF}
		{3DAE630F-E7CD-47B8-B894-33B0705FFED6} = {975F5325-DC26-42CC-9B3F-BE7E0B7FCBCF}
		{916F917F-0FC8-4824-ACE5-70A2FD2F81C1} = {975F5325-DC26-42CC-9B3F-BE7E0B7FCBCF}
		{1382F395-FEAD-420D-93AA-A6F15E885785} = {975F5325-DC26-42CC-9B3F-BE7E0B7FCBCF}
		{077A75B7-74D8-DC38-A1E2-CD1CC4E8FD14} = {02EA681E-C7D8-13C7-8484-4AC65E1B71E8}
		{53D19D9D-D21E-4793-BADF-4A7D318AFCCE} = {02EA681E-C7D8-13C7-8484-4AC65E1B71E8}
		{D8204156-B35D-4218-9491-127314D08C0E} = {53D19D9D-D21E-4793-BADF-4A7D318AFCCE}
		{F8849311-861D-45AA-8A22-06169D5E3B52} = {53D19D9D-D21E-4793-BADF-4A7D318AFCCE}
		{626DD5A8-47AF-4F7E-9D9A-D3C4EB5F0368} = {30221ADC-4F1F-49E0-8165-FE50C00C2B19}
		{B4E66371-0262-0DCF-39AF-A98614009FDC} = {626DD5A8-47AF-4F7E-9D9A-D3C4EB5F0368}
		{EB7460B0-3B6C-4EE9-9FEF-DC66AA415E4E} = {626DD5A8-47AF-4F7E-9D9A-D3C4EB5F0368}
		{A65204E7-6A90-4438-96AB-7B936FEE6A46} = {626DD5A8-47AF-4F7E-9D9A-D3C4EB5F0368}
		{2A8D978B-E2A8-4ADF-B85F-190168619EDC} = {626DD5A8-47AF-4F7E-9D9A-D3C4EB5F0368}
		{A7DC6F0F-0146-4815-B18D-DF85B15A602F} = {02EA681E-C7D8-13C7-8484-4AC65E1B71E8}
		{6389BE62-3B6A-4E4B-9BEC-AEE74CB90771} = {A7DC6F0F-0146-4815-B18D-DF85B15A602F}
	EndGlobalSection
	GlobalSection(ExtensibilityGlobals) = postSolution
		SolutionGuid = {818522A1-3DCF-4667-87D9-AA625F385B40}
	EndGlobalSection
EndGlobal
